# Generated by conda-lock.
# platform: linux-64
# input_hash: c5e7a5a4f836f37720e8ed3132d1baa5430df8031e571cd9fef5da6d9d591c6b
@EXPLICIT
https://conda.anaconda.org/conda-forge/linux-64/_libgcc_mutex-0.1-conda_forge.tar.bz2#d7c89558ba9fa0495403155b64376d81
https://conda.anaconda.org/conda-forge/linux-64/ca-certificates-2022.5.18.1-ha878542_0.tar.bz2#352e93bbe1d604002b11bbcf425bf866
https://conda.anaconda.org/conda-forge/noarch/font-ttf-dejavu-sans-mono-2.37-hab24e00_0.tar.bz2#0c96522c6bdaed4b1566d11387caaf45
https://conda.anaconda.org/conda-forge/noarch/font-ttf-inconsolata-3.000-h77eed37_0.tar.bz2#34893075a5c9e55cdafac56607368fc6
https://conda.anaconda.org/conda-forge/noarch/font-ttf-source-code-pro-2.038-h77eed37_0.tar.bz2#4d59c254e01d9cde7957100457e2d5fb
https://conda.anaconda.org/conda-forge/noarch/font-ttf-ubuntu-0.83-hab24e00_0.tar.bz2#19410c3df09dfb12d1206132a1d357c5
https://conda.anaconda.org/conda-forge/linux-64/ld_impl_linux-64-2.36.1-hea4e1c9_2.tar.bz2#bd4f2e711b39af170e7ff15163fe87ee
https://conda.anaconda.org/conda-forge/linux-64/libgfortran5-12.1.0-hdcd56e2_16.tar.bz2#b02605b875559ff99f04351fd5040760
https://conda.anaconda.org/conda-forge/linux-64/libstdcxx-ng-12.1.0-ha89aaad_16.tar.bz2#6f5ba041a41eb102a1027d9e68731be7
https://conda.anaconda.org/conda-forge/noarch/poppler-data-0.4.11-hd8ed1ab_0.tar.bz2#abc27381c4f005da588cffa1f76403ee
https://conda.anaconda.org/conda-forge/noarch/tzdata-2022a-h191b570_0.tar.bz2#84be5301069417a2221187d2f435e0f7
https://conda.anaconda.org/conda-forge/noarch/fonts-conda-forge-1-0.tar.bz2#f766549260d6815b0c52253f1fb1bb29
https://conda.anaconda.org/conda-forge/linux-64/libgfortran-ng-12.1.0-h69a702a_16.tar.bz2#6bf15e29a20f614b18ae89368260d0a2
https://conda.anaconda.org/conda-forge/linux-64/libgomp-12.1.0-h8d9b700_16.tar.bz2#f013cf7749536ce43d82afbffdf499ab
https://conda.anaconda.org/conda-forge/linux-64/_openmp_mutex-4.5-2_gnu.tar.bz2#73aaf86a425cc6e73fcf236a5a46396d
https://conda.anaconda.org/conda-forge/noarch/fonts-conda-ecosystem-1-0.tar.bz2#fee5683a3f04bd15cbd8318b096a27ab
https://conda.anaconda.org/conda-forge/linux-64/libgcc-ng-12.1.0-h8d9b700_16.tar.bz2#4f05bc9844f7c101e6e147dab3c88d5c
https://conda.anaconda.org/conda-forge/linux-64/abseil-cpp-20210324.2-h9c3ff4c_0.tar.bz2#baa652d7d0da41d757a31d00b4ae2c38
https://conda.anaconda.org/conda-forge/linux-64/aws-c-common-0.6.2-h7f98852_0.tar.bz2#ce69a062b3080485b760378841240634
https://conda.anaconda.org/conda-forge/linux-64/bzip2-1.0.8-h7f98852_4.tar.bz2#a1fd65c7ccbf10880423d82bca54eb54
https://conda.anaconda.org/conda-forge/linux-64/c-ares-1.18.1-h7f98852_0.tar.bz2#f26ef8098fab1f719c91eb760d63381a
https://conda.anaconda.org/conda-forge/linux-64/expat-2.4.8-h27087fc_0.tar.bz2#e1b07832504eeba765d648389cc387a9
https://conda.anaconda.org/conda-forge/linux-64/freexl-1.0.6-h7f98852_0.tar.bz2#fb707484f02b122edec5fe3d1f3f552f
https://conda.anaconda.org/conda-forge/linux-64/geos-3.10.2-h9c3ff4c_0.tar.bz2#fe9a66a351bfa7a84c3108304c7bcba5
https://conda.anaconda.org/conda-forge/linux-64/gflags-2.2.2-he1b5a44_1004.tar.bz2#cddaf2c63ea4a5901cf09524c490ecdc
https://conda.anaconda.org/conda-forge/linux-64/giflib-5.2.1-h36c2ea0_2.tar.bz2#626e68ae9cc5912d6adb79d318cf962d
https://conda.anaconda.org/conda-forge/linux-64/icu-69.1-h9c3ff4c_0.tar.bz2#e0773c9556d588b062a4e1424a6a02fa
https://conda.anaconda.org/conda-forge/linux-64/jpeg-9e-h166bdaf_1.tar.bz2#4828c7f7208321cfbede4880463f4930
https://conda.anaconda.org/conda-forge/linux-64/json-c-0.16-hc379101_0.tar.bz2#0e2bca6857cb73acec30387fef7c3142
https://conda.anaconda.org/conda-forge/linux-64/keyutils-1.6.1-h166bdaf_0.tar.bz2#30186d27e2c9fa62b45fb1476b7200e3
https://conda.anaconda.org/conda-forge/linux-64/lerc-3.0-h9c3ff4c_0.tar.bz2#7fcefde484980d23f0ec24c11e314d2e
https://conda.anaconda.org/conda-forge/linux-64/libbrotlicommon-1.0.9-h166bdaf_7.tar.bz2#f82dc1c78bcf73583f2656433ce2933c
https://conda.anaconda.org/conda-forge/linux-64/libcrc32c-1.1.2-h9c3ff4c_0.tar.bz2#c965a5aa0d5c1c37ffc62dff36e28400
https://conda.anaconda.org/conda-forge/linux-64/libdeflate-1.10-h7f98852_0.tar.bz2#ffa3a757a97e851293909b49f49f28fb
https://conda.anaconda.org/conda-forge/linux-64/libev-4.33-h516909a_1.tar.bz2#6f8720dff19e17ce5d48cfe7f3d2f0a3
https://conda.anaconda.org/conda-forge/linux-64/libffi-3.4.2-h7f98852_5.tar.bz2#d645c6d2ac96843a2bfaccd2d62b3ac3
https://conda.anaconda.org/conda-forge/linux-64/libiconv-1.16-h516909a_0.tar.bz2#5c0f338a513a2943c659ae619fca9211
https://conda.anaconda.org/conda-forge/linux-64/libnsl-2.0.0-h7f98852_0.tar.bz2#39b1328babf85c7c3a61636d9cd50206
https://conda.anaconda.org/conda-forge/linux-64/libopenblas-0.3.20-pthreads_h78a6416_0.tar.bz2#9b6d0781953c9e353faee494336cc229
https://conda.anaconda.org/conda-forge/linux-64/libspatialindex-1.9.3-h9c3ff4c_4.tar.bz2#d87fbe9c0ff589e802ff13872980bfd9
https://conda.anaconda.org/conda-forge/linux-64/libutf8proc-2.7.0-h7f98852_0.tar.bz2#913570ed14b42cf48ccbba364af20302
https://conda.anaconda.org/conda-forge/linux-64/libuuid-2.32.1-h7f98852_1000.tar.bz2#772d69f030955d9646d3d0eaf21d859d
https://conda.anaconda.org/conda-forge/linux-64/libwebp-base-1.2.2-h7f98852_1.tar.bz2#46cf26ecc8775a0aab300ea1821aaa3c
https://conda.anaconda.org/conda-forge/linux-64/libzlib-1.2.12-h166bdaf_0.tar.bz2#6c06394781511bdc3c37512ed7b16730
https://conda.anaconda.org/conda-forge/linux-64/lz4-c-1.9.3-h9c3ff4c_1.tar.bz2#fbe97e8fa6f275d7c76a09e795adc3e6
https://conda.anaconda.org/conda-forge/linux-64/ncurses-6.3-h27087fc_1.tar.bz2#4acfc691e64342b9dae57cf2adc63238
https://conda.anaconda.org/conda-forge/linux-64/nspr-4.32-h9c3ff4c_1.tar.bz2#29ded371806431b0499aaee146abfc3e
https://conda.anaconda.org/conda-forge/linux-64/openssl-1.1.1o-h166bdaf_0.tar.bz2#6172048796b123e542945d998f5150b7
https://conda.anaconda.org/conda-forge/linux-64/pcre-8.45-h9c3ff4c_0.tar.bz2#c05d1820a6d34ff07aaaab7a9b7eddaa
https://conda.anaconda.org/conda-forge/linux-64/pixman-0.40.0-h36c2ea0_0.tar.bz2#660e72c82f2e75a6b3fe6a6e75c79f19
https://conda.anaconda.org/conda-forge/linux-64/pthread-stubs-0.4-h36c2ea0_1001.tar.bz2#22dad4df6e8630e8dff2428f6f6a7036
https://conda.anaconda.org/conda-forge/linux-64/re2-2022.02.01-h9c3ff4c_0.tar.bz2#faed0a1cb9c95ed71cb15b9de1bf3afa
https://conda.anaconda.org/conda-forge/linux-64/snappy-1.1.9-hbd366e4_1.tar.bz2#418adb239781d9690afc6b1a05514c37
https://conda.anaconda.org/conda-forge/linux-64/tzcode-2022a-h166bdaf_0.tar.bz2#e9dc6be4e271364d258b1dd074c014b3
https://conda.anaconda.org/conda-forge/linux-64/xorg-kbproto-1.0.7-h7f98852_1002.tar.bz2#4b230e8381279d76131116660f5a241a
https://conda.anaconda.org/conda-forge/linux-64/xorg-libice-1.0.10-h7f98852_0.tar.bz2#d6b0b50b49eccfe0be0373be628be0f3
https://conda.anaconda.org/conda-forge/linux-64/xorg-libxau-1.0.9-h7f98852_0.tar.bz2#bf6f803a544f26ebbdc3bfff272eb179
https://conda.anaconda.org/conda-forge/linux-64/xorg-libxdmcp-1.1.3-h7f98852_0.tar.bz2#be93aabceefa2fac576e971aef407908
https://conda.anaconda.org/conda-forge/linux-64/xorg-renderproto-0.11.1-h7f98852_1002.tar.bz2#06feff3d2634e3097ce2fe681474b534
https://conda.anaconda.org/conda-forge/linux-64/xorg-xextproto-7.3.0-h7f98852_1002.tar.bz2#1e15f6ad85a7d743a2ac68dae6c82b98
https://conda.anaconda.org/conda-forge/linux-64/xorg-xproto-7.0.31-h7f98852_1007.tar.bz2#b4a4381d54784606820704f7b5f05a15
https://conda.anaconda.org/conda-forge/linux-64/xz-5.2.5-h516909a_1.tar.bz2#33f601066901f3e1a85af3522a8113f9
https://conda.anaconda.org/conda-forge/linux-64/aws-c-cal-0.5.11-h95a6274_0.tar.bz2#d4e7b241fb22dd3d7be1171f813d5da3
https://conda.anaconda.org/conda-forge/linux-64/aws-checksums-0.1.11-ha31a3da_7.tar.bz2#2fdb96aaab883abc0766ff76c0a34483
https://conda.anaconda.org/conda-forge/linux-64/gettext-0.19.8.1-h73d1719_1008.tar.bz2#af49250eca8e139378f8ff0ae9e57251
https://conda.anaconda.org/conda-forge/linux-64/glog-0.6.0-h6f12383_0.tar.bz2#b31f3565cb84435407594e548a2fb7b2
https://conda.anaconda.org/conda-forge/linux-64/libblas-3.9.0-14_linux64_openblas.tar.bz2#fb31fbbde682414550bbe15e3964420f
https://conda.anaconda.org/conda-forge/linux-64/libbrotlidec-1.0.9-h166bdaf_7.tar.bz2#37a460703214d0d1b421e2a47eb5e6d0
https://conda.anaconda.org/conda-forge/linux-64/libbrotlienc-1.0.9-h166bdaf_7.tar.bz2#785a9296ea478eb78c47593c4da6550f
https://conda.anaconda.org/conda-forge/linux-64/libedit-3.1.20191231-he28a2e2_2.tar.bz2#4d331e44109e3f0e19b4cb8f9b82f3e1
https://conda.anaconda.org/conda-forge/linux-64/libevent-2.1.10-h9b69904_4.tar.bz2#390026683aef81db27ff1b8570ca1336
https://conda.anaconda.org/conda-forge/linux-64/librttopo-1.1.0-hf69c175_9.tar.bz2#24be5de0faf30ce36576f3dc73bc6cbc
https://conda.anaconda.org/conda-forge/linux-64/libxcb-1.13-h7f98852_1004.tar.bz2#b3653fdc58d03face9724f602218a904
https://conda.anaconda.org/conda-forge/linux-64/readline-8.1-h46c0cb4_0.tar.bz2#5788de3c8d7a7d64ac56c784c4ef48e6
https://conda.anaconda.org/conda-forge/linux-64/s2n-1.0.10-h9b69904_0.tar.bz2#9708c3ac26c20b4c4549cbe8fef937eb
https://conda.anaconda.org/conda-forge/linux-64/tk-8.6.12-h27826a3_0.tar.bz2#5b8c42eb62e9fc961af70bdd6a26e168
https://conda.anaconda.org/conda-forge/linux-64/xerces-c-3.2.3-h8ce2273_4.tar.bz2#b313f2002c5534313e3b2b74a76a051b
https://conda.anaconda.org/conda-forge/linux-64/xorg-libsm-1.2.3-hd9c2040_1000.tar.bz2#9e856f78d5c80d5a78f61e72d1d473a3
https://conda.anaconda.org/conda-forge/linux-64/zlib-1.2.12-h166bdaf_0.tar.bz2#c6b89248778ae9a05320f19eb212ad90
https://conda.anaconda.org/conda-forge/linux-64/zstd-1.5.2-h8a70e8d_1.tar.bz2#3db63b53bb194dbaa7dc3d8833e98da2
https://conda.anaconda.org/conda-forge/linux-64/aws-c-io-0.10.5-hfb6a706_0.tar.bz2#47d6b88b0c42a8c9877f3993b49f052d
https://conda.anaconda.org/conda-forge/linux-64/blosc-1.21.1-h83bc5f7_3.tar.bz2#37baca23e60af4130cfc03e8ab9f8e22
https://conda.anaconda.org/conda-forge/linux-64/boost-cpp-1.74.0-h6cacc03_7.tar.bz2#b7c1f8b1937c8572d7dce988a9df1a64
https://conda.anaconda.org/conda-forge/linux-64/brotli-bin-1.0.9-h166bdaf_7.tar.bz2#1699c1211d56a23c66047524cd76796e
https://conda.anaconda.org/conda-forge/linux-64/hdf4-4.2.15-h10796ff_3.tar.bz2#21a8d66dc17f065023b33145c42652fe
https://conda.anaconda.org/conda-forge/linux-64/krb5-1.19.3-h3790be6_0.tar.bz2#7d862b05445123144bec92cb1acc8ef8
https://conda.anaconda.org/conda-forge/linux-64/libcblas-3.9.0-14_linux64_openblas.tar.bz2#1b41ea4c32014d878e84de4e5690df7a
https://conda.anaconda.org/conda-forge/linux-64/libglib-2.70.2-h174f98d_4.tar.bz2#d44314ffae96b17657fbf3f8e47b04fc
https://conda.anaconda.org/conda-forge/linux-64/liblapack-3.9.0-14_linux64_openblas.tar.bz2#13367ebd0243a949cee7564b13c3cd42
https://conda.anaconda.org/conda-forge/linux-64/libnghttp2-1.47.0-h727a467_0.tar.bz2#a22567abfea169ff8048506b1ca9b230
https://conda.anaconda.org/conda-forge/linux-64/libpng-1.6.37-h21135ba_2.tar.bz2#b6acf807307d033d4b7e758b4f44b036
https://conda.anaconda.org/conda-forge/linux-64/libprotobuf-3.19.4-h780b84a_0.tar.bz2#9ff9ab8cc887d4bdebc7c7dba641626f
https://conda.anaconda.org/conda-forge/linux-64/libssh2-1.10.0-ha56f1ee_2.tar.bz2#6ab4eaa11ff01801cffca0a27489dc04
https://conda.anaconda.org/conda-forge/linux-64/libthrift-0.16.0-h519c5ea_1.tar.bz2#f1eede77e2dab7a4392dabc746913d52
https://conda.anaconda.org/conda-forge/linux-64/libtiff-4.4.0-h0fcbabc_0.tar.bz2#3c343938f969d6434bb648119d576c0f
https://conda.anaconda.org/conda-forge/linux-64/libxml2-2.9.12-h885dcf4_1.tar.bz2#d1355eaa48f465782f228275a0a69771
https://conda.anaconda.org/conda-forge/linux-64/libzip-1.8.0-h4de3113_1.tar.bz2#175a746a43d42c053b91aa765fbc197d
https://conda.anaconda.org/conda-forge/linux-64/sqlite-3.38.5-h4ff8645_0.tar.bz2#a1448f0c31baec3946d2dcf09f905c9e
https://conda.anaconda.org/conda-forge/linux-64/xorg-libx11-1.7.2-h7f98852_0.tar.bz2#12a61e640b8894504326aadafccbb790
https://conda.anaconda.org/conda-forge/linux-64/aws-c-event-stream-0.2.7-h3541f99_13.tar.bz2#39768ba0fe69c241d54703a7f5e3119f
https://conda.anaconda.org/conda-forge/linux-64/brotli-1.0.9-h166bdaf_7.tar.bz2#3889dec08a472eb0f423e5609c76bde1
https://conda.anaconda.org/conda-forge/linux-64/freetype-2.10.4-h0708190_1.tar.bz2#4a06f2ac2e5bfae7b6b245171c3f07aa
https://conda.anaconda.org/conda-forge/linux-64/grpc-cpp-1.43.2-h9e046d8_3.tar.bz2#207c94a7e383dd7bc30ef90433ef5d0b
https://conda.anaconda.org/conda-forge/linux-64/lcms2-2.12-hddcbb42_0.tar.bz2#797117394a4aa588de6d741b06fad80f
https://conda.anaconda.org/conda-forge/linux-64/libcurl-7.83.1-h7bff187_0.tar.bz2#d0c278476dba3b29ee13203784672ab1
https://conda.anaconda.org/conda-forge/linux-64/libkml-1.3.0-h238a007_1014.tar.bz2#abd8e196ad04781818acef26cc451d66
https://conda.anaconda.org/conda-forge/linux-64/libpq-14.2-hd57d9b9_0.tar.bz2#91b38e297e1cc79f88f7cbf7bdb248e0
https://conda.anaconda.org/conda-forge/linux-64/libwebp-1.2.2-h3452ae3_0.tar.bz2#c363665b4aabe56aae4f8981cff5b153
https://conda.anaconda.org/conda-forge/linux-64/nss-3.78-h2350873_0.tar.bz2#ab3df39f96742e6f1a9878b09274c1dc
https://conda.anaconda.org/conda-forge/linux-64/openjpeg-2.4.0-hb52868f_1.tar.bz2#b7ad78ad2e9ee155f59e6428406ee824
https://conda.anaconda.org/conda-forge/linux-64/orc-1.7.3-h1be678f_0.tar.bz2#390f40a6ceaa94b3b221599456168856
https://conda.anaconda.org/conda-forge/linux-64/python-3.10.4-h9a8a25e_0_cpython.tar.bz2#4c6ebd5ba5e606f77a58154b37d96851
https://conda.anaconda.org/conda-forge/linux-64/xorg-libxext-1.3.4-h7f98852_1.tar.bz2#536cc5db4d0a3ba0630541aec064b5e4
https://conda.anaconda.org/conda-forge/linux-64/xorg-libxrender-0.9.10-h7f98852_1003.tar.bz2#f59c1242cc1dd93e72c2ee2b360979eb
https://conda.anaconda.org/conda-forge/noarch/attrs-21.4.0-pyhd8ed1ab_0.tar.bz2#f70280205d7044c8b8358c8de3190e5d
https://conda.anaconda.org/conda-forge/linux-64/aws-sdk-cpp-1.8.186-hb4091e7_3.tar.bz2#3c08d9ee5cb4fe57774405a429f12351
https://conda.anaconda.org/conda-forge/noarch/cached_property-1.5.2-pyha770c72_1.tar.bz2#576d629e47797577ab0f1b351297ef4a
https://conda.anaconda.org/conda-forge/noarch/cachetools-5.0.0-pyhd8ed1ab_0.tar.bz2#fadf619797a005b4aacbfc3003d80545
https://conda.anaconda.org/conda-forge/linux-64/cfitsio-4.1.0-hd9d235c_0.tar.bz2#ebc04a148d7204bb428f8633b89fd3dd
https://conda.anaconda.org/conda-forge/noarch/charset-normalizer-2.0.12-pyhd8ed1ab_0.tar.bz2#1f5b32dabae0f1893ae3283dac7f799e
https://conda.anaconda.org/conda-forge/noarch/colorama-0.4.4-pyh9f0ad1d_0.tar.bz2#c08b4c1326b880ed44f3ffb04803332f
https://conda.anaconda.org/conda-forge/linux-64/curl-7.83.1-h7bff187_0.tar.bz2#ba33b9995f5e691e4f439422d6efafc7
https://conda.anaconda.org/conda-forge/noarch/cycler-0.11.0-pyhd8ed1ab_0.tar.bz2#a50559fad0affdbb33729a68669ca1cb
https://conda.anaconda.org/conda-forge/linux-64/fontconfig-2.14.0-h8e229c2_0.tar.bz2#f314f79031fec74adc9bff50fbaffd89
https://conda.anaconda.org/conda-forge/linux-64/hdf5-1.12.1-nompi_h2386368_104.tar.bz2#9607caa4c7df524ab6ddf6005ffa6731
https://conda.anaconda.org/conda-forge/noarch/idna-3.3-pyhd8ed1ab_0.tar.bz2#40b50b8b030f5f2f22085c062ed013dd
https://conda.anaconda.org/conda-forge/noarch/jmespath-1.0.0-pyhd8ed1ab_0.tar.bz2#e2beb2421b23e07feb2fd89e87cb512c
https://conda.anaconda.org/conda-forge/linux-64/libgoogle-cloud-1.36.0-h6945097_0.tar.bz2#2c59ab40c22f2fc0d0eaaea6161537c5
https://conda.anaconda.org/conda-forge/noarch/munkres-1.1.4-pyh9f0ad1d_0.tar.bz2#2ba8498c1018c1e9c61eb99b973dfe19
https://conda.anaconda.org/conda-forge/noarch/networkx-2.8.2-pyhd8ed1ab_0.tar.bz2#fa13a75da1377a7a5a5df3299aea6893
https://conda.anaconda.org/conda-forge/linux-64/postgresql-14.2-h2510834_0.tar.bz2#4b2d032512ae19e2b215fa48643970b9
https://conda.anaconda.org/conda-forge/linux-64/proj-9.0.0-h93bde94_1.tar.bz2#cf908994f24ea526afc59f295d5b07c1
https://conda.anaconda.org/conda-forge/noarch/pycparser-2.21-pyhd8ed1ab_0.tar.bz2#076becd9e05608f8dc72757d5f3a91ff
https://conda.anaconda.org/conda-forge/noarch/pyparsing-3.0.9-pyhd8ed1ab_0.tar.bz2#e8fbc1b54b25f4b08281467bc13b70cc
https://conda.anaconda.org/conda-forge/linux-64/python_abi-3.10-2_cp310.tar.bz2#9e7160cd0d865e98f6803f1fe15c8b61
https://conda.anaconda.org/conda-forge/noarch/pytz-2022.1-pyhd8ed1ab_0.tar.bz2#b87d66d6d3991d988fb31510c95a9267
https://conda.anaconda.org/conda-forge/noarch/shellingham-1.4.0-pyh44b312d_0.tar.bz2#437655338696f9d0dfdb0a024e66b255
https://conda.anaconda.org/conda-forge/noarch/six-1.16.0-pyh6c4a22f_0.tar.bz2#e5f25f8dbc060e9a8d912e432202afc2
https://conda.anaconda.org/conda-forge/noarch/threadpoolctl-3.1.0-pyh8a188c0_0.tar.bz2#a2995ee828f65687ac5b1e71a2ab1e0c
https://conda.anaconda.org/conda-forge/noarch/typing_extensions-4.2.0-pyha770c72_1.tar.bz2#f0f7e024f94e23d3bfee0ab777bf335a
https://conda.anaconda.org/conda-forge/noarch/wheel-0.37.1-pyhd8ed1ab_0.tar.bz2#1ca02aaf78d9c70d9a81a3bed5752022
https://conda.anaconda.org/conda-forge/noarch/xyzservices-2022.4.0-pyhd8ed1ab_0.tar.bz2#3bc94b37aeede5bae4c0ddaadc554e04
https://conda.anaconda.org/conda-forge/noarch/cached-property-1.5.2-hd8ed1ab_1.tar.bz2#9b347a7ec10940d3f7941ff6c460b551
https://conda.anaconda.org/conda-forge/linux-64/cairo-1.16.0-ha12eb4b_1010.tar.bz2#e15c0969bf37df9dae513a48ac871a7d
https://conda.anaconda.org/conda-forge/linux-64/certifi-2022.5.18.1-py310hff52083_0.tar.bz2#cfdf8a8dda4e471ecdb196c0f34a85e0
https://conda.anaconda.org/conda-forge/linux-64/cffi-1.15.0-py310h0fdd8cc_0.tar.bz2#7b7366be82277a5a210e48cc6d25ce26
https://conda.anaconda.org/conda-forge/linux-64/click-8.1.3-py310hff52083_0.tar.bz2#a09e14173c5ded52ef7917b249c9280e
https://conda.anaconda.org/conda-forge/linux-64/geotiff-1.7.1-h509b78c_1.tar.bz2#dd3c41af3f58b5ee5acf65839b5b3c8c
https://conda.anaconda.org/conda-forge/linux-64/kealib-1.4.14-h87e4c3c_3.tar.bz2#41bf142f90ede16fa293161cbeff0335
https://conda.anaconda.org/conda-forge/linux-64/kiwisolver-1.4.2-py310hbf28c38_1.tar.bz2#bdcb1a21784068970002c284ef8cd2c8
https://conda.anaconda.org/conda-forge/linux-64/libdap4-3.20.6-hd7c4107_2.tar.bz2#c265ae57e3acdc891f3e2b93cf6784f5
https://conda.anaconda.org/conda-forge/linux-64/libnetcdf-4.8.1-nompi_h329d8a1_102.tar.bz2#a857af323c5edbd8e9e45fb9facb6f5f
https://conda.anaconda.org/conda-forge/linux-64/libspatialite-5.0.1-ha867d66_15.tar.bz2#31f84b4474cadeab8ec4f6cac6c0adf4
https://conda.anaconda.org/conda-forge/linux-64/markupsafe-2.1.1-py310h5764c6d_1.tar.bz2#ec5a727504409ad1380fc2a84f83d002
https://conda.anaconda.org/conda-forge/linux-64/numpy-1.22.4-py310h4ef5377_0.tar.bz2#a97b04c2d88d24d4a25fd9c069189281
https://conda.anaconda.org/conda-forge/noarch/packaging-21.3-pyhd8ed1ab_0.tar.bz2#71f1ab2de48613876becddd496371c85
https://conda.anaconda.org/conda-forge/linux-64/pillow-9.1.1-py310he619898_1.tar.bz2#d7052b5cef119518ca362a2ff633a36d
https://conda.anaconda.org/conda-forge/linux-64/pysocks-1.7.1-py310hff52083_5.tar.bz2#378f2260e871f3ea46c6fa58d9f05277
https://conda.anaconda.org/conda-forge/noarch/python-dateutil-2.8.2-pyhd8ed1ab_0.tar.bz2#dd999d1cc9f79e67dbb855c8924c7984
https://conda.anaconda.org/conda-forge/noarch/returns-0.19.0-pyhd8ed1ab_0.tar.bz2#82f073d068e7e68593872d6346f96905
https://conda.anaconda.org/conda-forge/linux-64/rtree-1.0.0-py310hbdcdc62_1.tar.bz2#4441c8711a22542d5a16806423caab12
https://conda.anaconda.org/conda-forge/linux-64/setuptools-62.3.2-py310hff52083_0.tar.bz2#b9c10ed1a8a0e0abc4017f73789e666b
https://conda.anaconda.org/conda-forge/linux-64/tiledb-2.8.3-h1e4a385_1.tar.bz2#03a9a4558ae58186a60cb7d232bed489
https://conda.anaconda.org/conda-forge/linux-64/unicodedata2-14.0.0-py310h5764c6d_1.tar.bz2#791689ce9e578e2e83b635974af61743
https://conda.anaconda.org/conda-forge/linux-64/arrow-cpp-8.0.0-py310hf3556ec_1_cpu.tar.bz2#bd63c109c1e1642d68cfe19d91112764
https://conda.anaconda.org/conda-forge/linux-64/brotlipy-0.7.0-py310h5764c6d_1004.tar.bz2#6499bb11b7feffb63b26847fc9181319
https://conda.anaconda.org/conda-forge/noarch/click-plugins-1.1.1-py_0.tar.bz2#4fd2c6b53934bd7d96d1f3fdaf99b79f
https://conda.anaconda.org/conda-forge/noarch/cligj-0.7.2-pyhd8ed1ab_1.tar.bz2#a29b7c141d6b2de4bb67788a5f107734
https://conda.anaconda.org/conda-forge/linux-64/cryptography-37.0.2-py310h597c629_0.tar.bz2#7b40622ed00061cc8f803c5ed3c62707
https://conda.anaconda.org/conda-forge/linux-64/fonttools-4.33.3-py310h5764c6d_0.tar.bz2#b2171665e9cd3ba4114d90b8da6815c8
https://conda.anaconda.org/conda-forge/linux-64/h5py-3.6.0-nompi_py310he751f51_100.tar.bz2#1b3684993401758891265623bc0ac999
https://conda.anaconda.org/conda-forge/noarch/jinja2-3.1.2-pyhd8ed1ab_0.tar.bz2#2d307d13155817b5f5da36cc69358fe6
https://conda.anaconda.org/conda-forge/noarch/joblib-1.1.0-pyhd8ed1ab_0.tar.bz2#07d1b5c8cde14d95998fd4767e1e62d2
https://conda.anaconda.org/conda-forge/noarch/munch-2.5.0-py_0.tar.bz2#31d9e9be500e25ff0050bc9f57a6bcd7
https://conda.anaconda.org/conda-forge/linux-64/pandas-1.4.2-py310h769672d_2.tar.bz2#be849b172f511db2ea7d3357f7b07d28
https://conda.anaconda.org/conda-forge/noarch/pip-22.1.2-pyhd8ed1ab_0.tar.bz2#d29185c662a424f8bea1103270b85c96
https://conda.anaconda.org/conda-forge/linux-64/poppler-22.04.0-h1434ded_0.tar.bz2#864687071a99df6f24dd587b77e4c753
https://conda.anaconda.org/conda-forge/linux-64/pyproj-3.3.1-py310h9bf108f_0.tar.bz2#c83fe86d8ef44303e7864e2c640a31e3
https://conda.anaconda.org/conda-forge/linux-64/scipy-1.8.1-py310h7612f91_0.tar.bz2#14a7ea0620e4c0801bee756171f4dc03
https://conda.anaconda.org/conda-forge/linux-64/shapely-1.8.2-py310hb974679_1.tar.bz2#fa50d09d9925ad723148c44931e653f0
https://conda.anaconda.org/conda-forge/noarch/typer-0.4.1-pyhd8ed1ab_0.tar.bz2#40b4f97d1cec8b63a1f8e8abfe1038f4
https://conda.anaconda.org/conda-forge/noarch/branca-0.5.0-pyhd8ed1ab_0.tar.bz2#d96c4ccb1e66b1c1f507dd12c226749a
https://conda.anaconda.org/conda-forge/noarch/geopandas-base-0.10.2-pyha770c72_1.tar.bz2#10584badfcd9fa04e6fc9a4d5dad1513
https://conda.anaconda.org/conda-forge/linux-64/libgdal-3.5.0-h56144a5_0.tar.bz2#c80824a712b73eb52704512050f973cc
https://conda.anaconda.org/conda-forge/linux-64/matplotlib-base-3.5.2-py310h5701ce4_0.tar.bz2#b038b2e97ae14fea11159dcb2c5abf0a
https://conda.anaconda.org/conda-forge/noarch/parquet-cpp-1.5.1-2.tar.bz2#79a5f78c42817594ae016a7896521a97
https://conda.anaconda.org/conda-forge/noarch/pyopenssl-22.0.0-pyhd8ed1ab_0.tar.bz2#1d7e241dfaf5475e893d4b824bb71b44
https://conda.anaconda.org/conda-forge/linux-64/scikit-learn-1.1.1-py310hffb9edd_0.tar.bz2#6ff8ce1bcdecec6bd0e1fab113b80f90
https://conda.anaconda.org/conda-forge/linux-64/gdal-3.5.0-py310hce6f0df_0.tar.bz2#7f704552772378bf88770db0d402ec7f
https://conda.anaconda.org/conda-forge/noarch/mapclassify-2.4.3-pyhd8ed1ab_0.tar.bz2#908bbfb54da154042c5cbda77b37a3d1
https://conda.anaconda.org/conda-forge/linux-64/pyarrow-8.0.0-py310h225c066_1_cpu.tar.bz2#cb68f21dc14565a1d5686e37a304cf59
https://conda.anaconda.org/conda-forge/noarch/urllib3-1.26.9-pyhd8ed1ab_0.tar.bz2#0ea179ee251aa7100807c35bc0252693
https://conda.anaconda.org/conda-forge/noarch/botocore-1.27.1-pyhd8ed1ab_0.tar.bz2#9fc113ae27d54e0f2933842fbfb466e6
https://conda.anaconda.org/conda-forge/linux-64/fiona-1.8.21-py310h60a68a4_2.tar.bz2#38fa8f11a6934dad551fca85669b6c4b
https://conda.anaconda.org/conda-forge/noarch/requests-2.27.1-pyhd8ed1ab_0.tar.bz2#7c1c427246b057b8fa97200ecdb2ed62
https://conda.anaconda.org/conda-forge/noarch/folium-0.12.1.post1-pyhd8ed1ab_1.tar.bz2#44912901b45260e4338447b9d46f7058
https://conda.anaconda.org/conda-forge/noarch/s3transfer-0.6.0-pyhd8ed1ab_0.tar.bz2#900e74d8547fbea3af028937df28ed77
https://conda.anaconda.org/conda-forge/noarch/boto3-1.24.1-pyhd8ed1ab_0.tar.bz2#fac37c00c482669b383f39de1e40d2f8
https://conda.anaconda.org/conda-forge/noarch/geopandas-0.10.2-pyhd8ed1ab_1.tar.bz2#0682614964c1319304cfa554cbce90f0
